
Microsoft Visual Studio Solution File, Format Version 12.00
# Visual Studio 15
VisualStudioVersion = 15.0.27703.2035
MinimumVisualStudioVersion = 10.0.40219.1
Project("{FAE04EC0-301F-11D3-BF4B-00C04F79EFBC}") = "Bufferflow.database", "D:\Bufferflow\Bufferflow.database\Bufferflow.database.csproj", "{CBFD75FC-4E3D-466F-95BC-288E66723E44}"
EndProject
Project("{FAE04EC0-301F-11D3-BF4B-00C04F79EFBC}") = "Bufferflow.Shared", "Bufferflow.Shared\Bufferflow.Shared.csproj", "{B1309E77-86C6-4F45-A23D-7EEC04E07360}"
EndProject
Project("{FAE04EC0-301F-11D3-BF4B-00C04F79EFBC}") = "Bufferflow.BLL", "Bufferflow.BLL\Bufferflow.BLL.csproj", "{4940F1F9-F9F9-4D19-920C-D3E9D151F3DB}"
EndProject
Project("{FAE04EC0-301F-11D3-BF4B-00C04F79EFBC}") = "Bufferflow.WebApi", "Bufferflow.WebApi\Bufferflow.WebApi.csproj", "{06FD2989-35DF-4325-85F7-5068BF1CC96C}"
EndProject
Global
	GlobalSection(SolutionConfigurationPlatforms) = preSolution
		Debug|Any CPU = Debug|Any CPU
		Release|Any CPU = Release|Any CPU
	EndGlobalSection
	GlobalSection(ProjectConfigurationPlatforms) = postSolution
		{CBFD75FC-4E3D-466F-95BC-288E66723E44}.Debug|Any CPU.ActiveCfg = Debug|Any CPU
		{CBFD75FC-4E3D-466F-95BC-288E66723E44}.Debug|Any CPU.Build.0 = Debug|Any CPU
		{CBFD75FC-4E3D-466F-95BC-288E66723E44}.Release|Any CPU.ActiveCfg = Release|Any CPU
		{CBFD75FC-4E3D-466F-95BC-288E66723E44}.Release|Any CPU.Build.0 = Release|Any CPU
		{B1309E77-86C6-4F45-A23D-7EEC04E07360}.Debug|Any CPU.ActiveCfg = Debug|Any CPU
		{B1309E77-86C6-4F45-A23D-7EEC04E07360}.Debug|Any CPU.Build.0 = Debug|Any CPU
		{B1309E77-86C6-4F45-A23D-7EEC04E07360}.Release|Any CPU.ActiveCfg = Release|Any CPU
		{B1309E77-86C6-4F45-A23D-7EEC04E07360}.Release|Any CPU.Build.0 = Release|Any CPU
		{4940F1F9-F9F9-4D19-920C-D3E9D151F3DB}.Debug|Any CPU.ActiveCfg = Debug|Any CPU
		{4940F1F9-F9F9-4D19-920C-D3E9D151F3DB}.Debug|Any CPU.Build.0 = Debug|Any CPU
		{4940F1F9-F9F9-4D19-920C-D3E9D151F3DB}.Release|Any CPU.ActiveCfg = Release|Any CPU
		{4940F1F9-F9F9-4D19-920C-D3E9D151F3DB}.Release|Any CPU.Build.0 = Release|Any CPU
		{06FD2989-35DF-4325-85F7-5068BF1CC96C}.Debug|Any CPU.ActiveCfg = Debug|Any CPU
		{06FD2989-35DF-4325-85F7-5068BF1CC96C}.Debug|Any CPU.Build.0 = Debug|Any CPU
		{06FD2989-35DF-4325-85F7-5068BF1CC96C}.Release|Any CPU.ActiveCfg = Release|Any CPU
		{06FD2989-35DF-4325-85F7-5068BF1CC96C}.Release|Any CPU.Build.0 = Release|Any CPU
	EndGlobalSection
	GlobalSection(SolutionProperties) = preSolution
		HideSolutionNode = FALSE
	EndGlobalSection
	GlobalSection(ExtensibilityGlobals) = postSolution
		SolutionGuid = {EB6E5CF5-DBE0-432F-8B9C-03B70C44633F}
	EndGlobalSection
EndGlobal
